// !$*UTF8*$!
{
	archiveVersion = 1;
	classes = {
	};
	objectVersion = 63;
	objects = {

/* Begin PBXBuildFile section */
		044FA75C2A0954B13234AEC1 /* ScreenCapture.swift in Sources */ = {isa = PBXBuildFile; fileRef = A830E9AB0F334B1B5AF12368 /* ScreenCapture.swift */; };
		0F6886F34845551A20AC0CA4 /* NetworkReceiver.swift in Sources */ = {isa = PBXBuildFile; fileRef = 3B6FC7A06BED7EB0989B0C80 /* NetworkReceiver.swift */; };
		1C6CAC78738AC702157336F6 /* NetworkSender.swift in Sources */ = {isa = PBXBuildFile; fileRef = 486AEA042620D05E6F8D3178 /* NetworkSender.swift */; };
		3C36E8364E33B315E95D5F5A /* DisplayWindow.swift in Sources */ = {isa = PBXBuildFile; fileRef = 4FB7D98C9AE736BE2AB3BDFB /* DisplayWindow.swift */; };
		5FD14212B5433DE58EF2DA1E /* VirtualDisplay.swift in Sources */ = {isa = PBXBuildFile; fileRef = 632096F2C843CA9ED5E61433 /* VirtualDisplay.swift */; };
		5FE2079208270761FC3ECC6F /* Protocol.swift in Sources */ = {isa = PBXBuildFile; fileRef = 14717602BAACA45D2AE7AB58 /* Protocol.swift */; };
		6948F9CD87A6273B1D2B031F /* SenderView.swift in Sources */ = {isa = PBXBuildFile; fileRef = C808080F0442E983423B8677 /* SenderView.swift */; };
		8AEC667099B53A3BFCD0C0A9 /* InputInjector.swift in Sources */ = {isa = PBXBuildFile; fileRef = 9C688C42A1347A9F8A487764 /* InputInjector.swift */; };
		91D277E08FD46039D119ED06 /* SenderApp.swift in Sources */ = {isa = PBXBuildFile; fileRef = E02D1AB275E5213B64744746 /* SenderApp.swift */; };
		9F8890D99751F127009745DE /* InputCapture.swift in Sources */ = {isa = PBXBuildFile; fileRef = 659C6DAF26FBA352DBA822A4 /* InputCapture.swift */; };
		B1D4FAFA852BA6F1E627FA2F /* Protocol.swift in Sources */ = {isa = PBXBuildFile; fileRef = 14717602BAACA45D2AE7AB58 /* Protocol.swift */; };
		B4CE8836758C01653CE3568A /* ReceiverApp.swift in Sources */ = {isa = PBXBuildFile; fileRef = C33C6B90AC1D05B18738A9D2 /* ReceiverApp.swift */; };
		D86CF6B6C437F17B4C801152 /* ReceiverView.swift in Sources */ = {isa = PBXBuildFile; fileRef = FCDB8729DF6E78262244EBB8 /* ReceiverView.swift */; };
		F0E649422486FD0937F7C10B /* VideoDecoder.swift in Sources */ = {isa = PBXBuildFile; fileRef = 6E6D69EA833A85C6998E2E81 /* VideoDecoder.swift */; };
		FBDD9E418F98628D0692E85A /* VideoEncoder.swift in Sources */ = {isa = PBXBuildFile; fileRef = C22814A0510EF0B7E7E97468 /* VideoEncoder.swift */; };
/* End PBXBuildFile section */

/* Begin PBXFileReference section */
		10DA06C9FF5DB2DE4412929A /* SenderApp.app */ = {isa = PBXFileReference; explicitFileType = wrapper.application; includeInIndex = 0; path = SenderApp.app; sourceTree = BUILT_PRODUCTS_DIR; };
		14717602BAACA45D2AE7AB58 /* Protocol.swift */ = {isa = PBXFileReference; lastKnownFileType = sourcecode.swift; path = Protocol.swift; sourceTree = "<group>"; };
		330FAD99B98FD4773EF4D7C3 /* CGVirtualDisplayPrivate.h */ = {isa = PBXFileReference; lastKnownFileType = sourcecode.c.h; path = CGVirtualDisplayPrivate.h; sourceTree = "<group>"; };
		3B6FC7A06BED7EB0989B0C80 /* NetworkReceiver.swift */ = {isa = PBXFileReference; lastKnownFileType = sourcecode.swift; path = NetworkReceiver.swift; sourceTree = "<group>"; };
		431004084EE76D4C5A55C1DA /* SenderApp.entitlements */ = {isa = PBXFileReference; lastKnownFileType = text.plist.entitlements; path = SenderApp.entitlements; sourceTree = "<group>"; };
		486AEA042620D05E6F8D3178 /* NetworkSender.swift */ = {isa = PBXFileReference; lastKnownFileType = sourcecode.swift; path = NetworkSender.swift; sourceTree = "<group>"; };
		4FB7D98C9AE736BE2AB3BDFB /* DisplayWindow.swift */ = {isa = PBXFileReference; lastKnownFileType = sourcecode.swift; path = DisplayWindow.swift; sourceTree = "<group>"; };
		559EA4B02A1610D64D80A5AB /* Info.plist */ = {isa = PBXFileReference; lastKnownFileType = text.plist; path = Info.plist; sourceTree = "<group>"; };
		632096F2C843CA9ED5E61433 /* VirtualDisplay.swift */ = {isa = PBXFileReference; lastKnownFileType = sourcecode.swift; path = VirtualDisplay.swift; sourceTree = "<group>"; };
		659C6DAF26FBA352DBA822A4 /* InputCapture.swift */ = {isa = PBXFileReference; lastKnownFileType = sourcecode.swift; path = InputCapture.swift; sourceTree = "<group>"; };
		6E6D69EA833A85C6998E2E81 /* VideoDecoder.swift */ = {isa = PBXFileReference; lastKnownFileType = sourcecode.swift; path = VideoDecoder.swift; sourceTree = "<group>"; };
		9117199FAB48E13830F46F38 /* ReceiverApp.entitlements */ = {isa = PBXFileReference; lastKnownFileType = text.plist.entitlements; path = ReceiverApp.entitlements; sourceTree = "<group>"; };
		9C688C42A1347A9F8A487764 /* InputInjector.swift */ = {isa = PBXFileReference; lastKnownFileType = sourcecode.swift; path = InputInjector.swift; sourceTree = "<group>"; };
		A1B54FC91CCE6BB43EF6E340 /* ReceiverApp.app */ = {isa = PBXFileReference; explicitFileType = wrapper.application; includeInIndex = 0; path = ReceiverApp.app; sourceTree = BUILT_PRODUCTS_DIR; };
		A830E9AB0F334B1B5AF12368 /* ScreenCapture.swift */ = {isa = PBXFileReference; lastKnownFileType = sourcecode.swift; path = ScreenCapture.swift; sourceTree = "<group>"; };
		C22814A0510EF0B7E7E97468 /* VideoEncoder.swift */ = {isa = PBXFileReference; lastKnownFileType = sourcecode.swift; path = VideoEncoder.swift; sourceTree = "<group>"; };
		C33C6B90AC1D05B18738A9D2 /* ReceiverApp.swift */ = {isa = PBXFileReference; lastKnownFileType = sourcecode.swift; path = ReceiverApp.swift; sourceTree = "<group>"; };
		C808080F0442E983423B8677 /* SenderView.swift */ = {isa = PBXFileReference; lastKnownFileType = sourcecode.swift; path = SenderView.swift; sourceTree = "<group>"; };
		D464FF7493E24AFCDF8C7D83 /* Info.plist */ = {isa = PBXFileReference; lastKnownFileType = text.plist; path = Info.plist; sourceTree = "<group>"; };
		E02D1AB275E5213B64744746 /* SenderApp.swift */ = {isa = PBXFileReference; lastKnownFileType = sourcecode.swift; path = SenderApp.swift; sourceTree = "<group>"; };
		EEDAD49DFC3C209386C87617 /* SenderApp-Bridging-Header.h */ = {isa = PBXFileReference; lastKnownFileType = sourcecode.c.h; path = "SenderApp-Bridging-Header.h"; sourceTree = "<group>"; };
		FCDB8729DF6E78262244EBB8 /* ReceiverView.swift */ = {isa = PBXFileReference; lastKnownFileType = sourcecode.swift; path = ReceiverView.swift; sourceTree = "<group>"; };
/* End PBXFileReference section */

/* Begin PBXGroup section */
		1C78994DECB881C6CAECDEE2 /* ReceiverApp */ = {
			isa = PBXGroup;
			children = (
				4FB7D98C9AE736BE2AB3BDFB /* DisplayWindow.swift */,
				559EA4B02A1610D64D80A5AB /* Info.plist */,
				659C6DAF26FBA352DBA822A4 /* InputCapture.swift */,
				3B6FC7A06BED7EB0989B0C80 /* NetworkReceiver.swift */,
				9117199FAB48E13830F46F38 /* ReceiverApp.entitlements */,
				C33C6B90AC1D05B18738A9D2 /* ReceiverApp.swift */,
				FCDB8729DF6E78262244EBB8 /* ReceiverView.swift */,
				6E6D69EA833A85C6998E2E81 /* VideoDecoder.swift */,
			);
			path = ReceiverApp;
			sourceTree = "<group>";
		};
		209274AA7DA24964EB98B644 = {
			isa = PBXGroup;
			children = (
				1C78994DECB881C6CAECDEE2 /* ReceiverApp */,
				D9DD133532CAD6DF8C2DF4DC /* SenderApp */,
				C2E26766EFEA75D71C5CE8C1 /* Shared */,
				F83E506C32F7714DDFE74268 /* Products */,
			);
			sourceTree = "<group>";
		};
		C2E26766EFEA75D71C5CE8C1 /* Shared */ = {
			isa = PBXGroup;
			children = (
				14717602BAACA45D2AE7AB58 /* Protocol.swift */,
			);
			path = Shared;
			sourceTree = "<group>";
		};
		D9DD133532CAD6DF8C2DF4DC /* SenderApp */ = {
			isa = PBXGroup;
			children = (
				330FAD99B98FD4773EF4D7C3 /* CGVirtualDisplayPrivate.h */,
				D464FF7493E24AFCDF8C7D83 /* Info.plist */,
				9C688C42A1347A9F8A487764 /* InputInjector.swift */,
				486AEA042620D05E6F8D3178 /* NetworkSender.swift */,
				A830E9AB0F334B1B5AF12368 /* ScreenCapture.swift */,
				EEDAD49DFC3C209386C87617 /* SenderApp-Bridging-Header.h */,
				431004084EE76D4C5A55C1DA /* SenderApp.entitlements */,
				E02D1AB275E5213B64744746 /* SenderApp.swift */,
				C808080F0442E983423B8677 /* SenderView.swift */,
				C22814A0510EF0B7E7E97468 /* VideoEncoder.swift */,
				632096F2C843CA9ED5E61433 /* VirtualDisplay.swift */,
			);
			path = SenderApp;
			sourceTree = "<group>";
		};
		F83E506C32F7714DDFE74268 /* Products */ = {
			isa = PBXGroup;
			children = (
				A1B54FC91CCE6BB43EF6E340 /* ReceiverApp.app */,
				10DA06C9FF5DB2DE4412929A /* SenderApp.app */,
			);
			name = Products;
			sourceTree = "<group>";
		};
/* End PBXGroup section */

/* Begin PBXNativeTarget section */
		84CA8D66EB06E9A942579637 /* ReceiverApp */ = {
			isa = PBXNativeTarget;
			buildConfigurationList = C841D9FE9A092C54E7BC18B6 /* Build configuration list for PBXNativeTarget "ReceiverApp" */;
			buildPhases = (
				0AB40580A197E4A9FB4B4D1E /* Sources */,
			);
			buildRules = (
			);
			dependencies = (
			);
			name = ReceiverApp;
			packageProductDependencies = (
			);
			productName = ReceiverApp;
			productReference = A1B54FC91CCE6BB43EF6E340 /* ReceiverApp.app */;
			productType = "com.apple.product-type.application";
		};
		A87C77B8A32AEF82623B56C7 /* SenderApp */ = {
			isa = PBXNativeTarget;
			buildConfigurationList = 86DF3FBE15E4441B34E924C1 /* Build configuration list for PBXNativeTarget "SenderApp" */;
			buildPhases = (
				225947D91A65DA28CB2985D2 /* Sources */,
			);
			buildRules = (
			);
			dependencies = (
			);
			name = SenderApp;
			packageProductDependencies = (
			);
			productName = SenderApp;
			productReference = 10DA06C9FF5DB2DE4412929A /* SenderApp.app */;
			productType = "com.apple.product-type.application";
		};
/* End PBXNativeTarget section */

/* Begin PBXProject section */
		3A91AC41BFE7E0988B0529D0 /* Project object */ = {
			isa = PBXProject;
			attributes = {
				BuildIndependentTargetsInParallel = YES;
				LastUpgradeCheck = 1600;
			};
			buildConfigurationList = 51F341358C16F264425E3F42 /* Build configuration list for PBXProject "MacDisplay" */;
			compatibilityVersion = "Xcode 14.0";
			developmentRegion = en;
			hasScannedForEncodings = 0;
			knownRegions = (
				Base,
				en,
			);
			mainGroup = 209274AA7DA24964EB98B644;
			minimizedProjectReferenceProxies = 1;
			projectDirPath = "";
			projectRoot = "";
			targets = (
				84CA8D66EB06E9A942579637 /* ReceiverApp */,
				A87C77B8A32AEF82623B56C7 /* SenderApp */,
			);
		};
/* End PBXProject section */

/* Begin PBXSourcesBuildPhase section */
		0AB40580A197E4A9FB4B4D1E /* Sources */ = {
			isa = PBXSourcesBuildPhase;
			buildActionMask = 2147483647;
			files = (
				3C36E8364E33B315E95D5F5A /* DisplayWindow.swift in Sources */,
				9F8890D99751F127009745DE /* InputCapture.swift in Sources */,
				0F6886F34845551A20AC0CA4 /* NetworkReceiver.swift in Sources */,
				B1D4FAFA852BA6F1E627FA2F /* Protocol.swift in Sources */,
				B4CE8836758C01653CE3568A /* ReceiverApp.swift in Sources */,
				D86CF6B6C437F17B4C801152 /* ReceiverView.swift in Sources */,
				F0E649422486FD0937F7C10B /* VideoDecoder.swift in Sources */,
			);
			runOnlyForDeploymentPostprocessing = 0;
		};
		225947D91A65DA28CB2985D2 /* Sources */ = {
			isa = PBXSourcesBuildPhase;
			buildActionMask = 2147483647;
			files = (
				8AEC667099B53A3BFCD0C0A9 /* InputInjector.swift in Sources */,
				1C6CAC78738AC702157336F6 /* NetworkSender.swift in Sources */,
				5FE2079208270761FC3ECC6F /* Protocol.swift in Sources */,
				044FA75C2A0954B13234AEC1 /* ScreenCapture.swift in Sources */,
				91D277E08FD46039D119ED06 /* SenderApp.swift in Sources */,
				6948F9CD87A6273B1D2B031F /* SenderView.swift in Sources */,
				FBDD9E418F98628D0692E85A /* VideoEncoder.swift in Sources */,
				5FD14212B5433DE58EF2DA1E /* VirtualDisplay.swift in Sources */,
			);
			runOnlyForDeploymentPostprocessing = 0;
		};
/* End PBXSourcesBuildPhase section */

/* Begin XCBuildConfiguration section */
		14D863953822AF4FDF378E2E /* Debug */ = {
			isa = XCBuildConfiguration;
			buildSettings = {
				ASSETCATALOG_COMPILER_APPICON_NAME = AppIcon;
				CODE_SIGNING_ALLOWED = NO;
				CODE_SIGN_ENTITLEMENTS = SenderApp/SenderApp.entitlements;
				COMBINE_HIDPI_IMAGES = YES;
				INFOPLIST_FILE = SenderApp/Info.plist;
				LD_RUNPATH_SEARCH_PATHS = (
					"$(inherited)",
					"@executable_path/../Frameworks",
				);
				PRODUCT_BUNDLE_IDENTIFIER = com.macdisplay.sender;
				PRODUCT_NAME = SenderApp;
				SDKROOT = macosx;
				SWIFT_OBJC_BRIDGING_HEADER = "SenderApp/SenderApp-Bridging-Header.h";
			};
			name = Debug;
		};
		5A5C874AD231B4692EA10E31 /* Debug */ = {
			isa = XCBuildConfiguration;
			buildSettings = {
				ALWAYS_SEARCH_USER_PATHS = NO;
				CLANG_ANALYZER_NONNULL = YES;
				CLANG_ANALYZER_NUMBER_OBJECT_CONVERSION = YES_AGGRESSIVE;
				CLANG_CXX_LANGUAGE_STANDARD = "gnu++14";
				CLANG_CXX_LIBRARY = "libc++";
				CLANG_ENABLE_MODULES = YES;
				CLANG_ENABLE_OBJC_ARC = YES;
				CLANG_ENABLE_OBJC_WEAK = YES;
				CLANG_WARN_BLOCK_CAPTURE_AUTORELEASING = YES;
				CLANG_WARN_BOOL_CONVERSION = YES;
				CLANG_WARN_COMMA = YES;
				CLANG_WARN_CONSTANT_CONVERSION = YES;
				CLANG_WARN_DEPRECATED_OBJC_IMPLEMENTATIONS = YES;
				CLANG_WARN_DIRECT_OBJC_ISA_USAGE = YES_ERROR;
				CLANG_WARN_DOCUMENTATION_COMMENTS = YES;
				CLANG_WARN_EMPTY_BODY = YES;
				CLANG_WARN_ENUM_CONVERSION = YES;
				CLANG_WARN_INFINITE_RECURSION = YES;
				CLANG_WARN_INT_CONVERSION = YES;
				CLANG_WARN_NON_LITERAL_NULL_CONVERSION = YES;
				CLANG_WARN_OBJC_IMPLICIT_RETAIN_SELF = YES;
				CLANG_WARN_OBJC_LITERAL_CONVERSION = YES;
				CLANG_WARN_OBJC_ROOT_CLASS = YES_ERROR;
				CLANG_WARN_QUOTED_INCLUDE_IN_FRAMEWORK_HEADER = YES;
				CLANG_WARN_RANGE_LOOP_ANALYSIS = YES;
				CLANG_WARN_STRICT_PROTOTYPES = YES;
				CLANG_WARN_SUSPICIOUS_MOVE = YES;
				CLANG_WARN_UNGUARDED_AVAILABILITY = YES_AGGRESSIVE;
				CLANG_WARN_UNREACHABLE_CODE = YES;
				CLANG_WARN__DUPLICATE_METHOD_MATCH = YES;
				COPY_PHASE_STRIP = NO;
				DEBUG_INFORMATION_FORMAT = dwarf;
				ENABLE_STRICT_OBJC_MSGSEND = YES;
				ENABLE_TESTABILITY = YES;
				GCC_C_LANGUAGE_STANDARD = gnu11;
				GCC_DYNAMIC_NO_PIC = NO;
				GCC_NO_COMMON_BLOCKS = YES;
				GCC_OPTIMIZATION_LEVEL = 0;
				GCC_PREPROCESSOR_DEFINITIONS = (
					"$(inherited)",
					"DEBUG=1",
				);
				GCC_WARN_64_TO_32_BIT_CONVERSION = YES;
				GCC_WARN_ABOUT_RETURN_TYPE = YES_ERROR;
				GCC_WARN_UNDECLARED_SELECTOR = YES;
				GCC_WARN_UNINITIALIZED_AUTOS = YES_AGGRESSIVE;
				GCC_WARN_UNUSED_FUNCTION = YES;
				GCC_WARN_UNUSED_VARIABLE = YES;
				MACOSX_DEPLOYMENT_TARGET = 14.0;
				MTL_ENABLE_DEBUG_INFO = INCLUDE_SOURCE;
				MTL_FAST_MATH = YES;
				ONLY_ACTIVE_ARCH = YES;
				PRODUCT_NAME = "$(TARGET_NAME)";
				SDKROOT = macosx;
				SWIFT_ACTIVE_COMPILATION_CONDITIONS = DEBUG;
				SWIFT_OPTIMIZATION_LEVEL = "-Onone";
				SWIFT_VERSION = 5.9;
			};
			name = Debug;
		};
		7C998AD262B14FC1420FAE5D /* Release */ = {
			isa = XCBuildConfiguration;
			buildSettings = {
				ALWAYS_SEARCH_USER_PATHS = NO;
				CLANG_ANALYZER_NONNULL = YES;
				CLANG_ANALYZER_NUMBER_OBJECT_CONVERSION = YES_AGGRESSIVE;
				CLANG_CXX_LANGUAGE_STANDARD = "gnu++14";
				CLANG_CXX_LIBRARY = "libc++";
				CLANG_ENABLE_MODULES = YES;
				CLANG_ENABLE_OBJC_ARC = YES;
				CLANG_ENABLE_OBJC_WEAK = YES;
				CLANG_WARN_BLOCK_CAPTURE_AUTORELEASING = YES;
				CLANG_WARN_BOOL_CONVERSION = YES;
				CLANG_WARN_COMMA = YES;
				CLANG_WARN_CONSTANT_CONVERSION = YES;
				CLANG_WARN_DEPRECATED_OBJC_IMPLEMENTATIONS = YES;
				CLANG_WARN_DIRECT_OBJC_ISA_USAGE = YES_ERROR;
				CLANG_WARN_DOCUMENTATION_COMMENTS = YES;
				CLANG_WARN_EMPTY_BODY = YES;
				CLANG_WARN_ENUM_CONVERSION = YES;
				CLANG_WARN_INFINITE_RECURSION = YES;
				CLANG_WARN_INT_CONVERSION = YES;
				CLANG_WARN_NON_LITERAL_NULL_CONVERSION = YES;
				CLANG_WARN_OBJC_IMPLICIT_RETAIN_SELF = YES;
				CLANG_WARN_OBJC_LITERAL_CONVERSION = YES;
				CLANG_WARN_OBJC_ROOT_CLASS = YES_ERROR;
				CLANG_WARN_QUOTED_INCLUDE_IN_FRAMEWORK_HEADER = YES;
				CLANG_WARN_RANGE_LOOP_ANALYSIS = YES;
				CLANG_WARN_STRICT_PROTOTYPES = YES;
				CLANG_WARN_SUSPICIOUS_MOVE = YES;
				CLANG_WARN_UNGUARDED_AVAILABILITY = YES_AGGRESSIVE;
				CLANG_WARN_UNREACHABLE_CODE = YES;
				CLANG_WARN__DUPLICATE_METHOD_MATCH = YES;
				COPY_PHASE_STRIP = NO;
				DEBUG_INFORMATION_FORMAT = "dwarf-with-dsym";
				ENABLE_NS_ASSERTIONS = NO;
				ENABLE_STRICT_OBJC_MSGSEND = YES;
				GCC_C_LANGUAGE_STANDARD = gnu11;
				GCC_NO_COMMON_BLOCKS = YES;
				GCC_WARN_64_TO_32_BIT_CONVERSION = YES;
				GCC_WARN_ABOUT_RETURN_TYPE = YES_ERROR;
				GCC_WARN_UNDECLARED_SELECTOR = YES;
				GCC_WARN_UNINITIALIZED_AUTOS = YES_AGGRESSIVE;
				GCC_WARN_UNUSED_FUNCTION = YES;
				GCC_WARN_UNUSED_VARIABLE = YES;
				MACOSX_DEPLOYMENT_TARGET = 14.0;
				MTL_ENABLE_DEBUG_INFO = NO;
				MTL_FAST_MATH = YES;
				PRODUCT_NAME = "$(TARGET_NAME)";
				SDKROOT = macosx;
				SWIFT_COMPILATION_MODE = wholemodule;
				SWIFT_OPTIMIZATION_LEVEL = "-O";
				SWIFT_VERSION = 5.9;
			};
			name = Release;
		};
		AEDACFA6785FDD4DD6487EF4 /* Release */ = {
			isa = XCBuildConfiguration;
			buildSettings = {
				ASSETCATALOG_COMPILER_APPICON_NAME = AppIcon;
				CODE_SIGNING_ALLOWED = NO;
				CODE_SIGN_ENTITLEMENTS = SenderApp/SenderApp.entitlements;
				COMBINE_HIDPI_IMAGES = YES;
				INFOPLIST_FILE = SenderApp/Info.plist;
				LD_RUNPATH_SEARCH_PATHS = (
					"$(inherited)",
					"@executable_path/../Frameworks",
				);
				PRODUCT_BUNDLE_IDENTIFIER = com.macdisplay.sender;
				PRODUCT_NAME = SenderApp;
				SDKROOT = macosx;
				SWIFT_OBJC_BRIDGING_HEADER = "SenderApp/SenderApp-Bridging-Header.h";
			};
			name = Release;
		};
		C53226138FBB93EFC608A52B /* Debug */ = {
			isa = XCBuildConfiguration;
			buildSettings = {
				ARCHS = "$(ARCHS_STANDARD)";
				ASSETCATALOG_COMPILER_APPICON_NAME = AppIcon;
				CODE_SIGNING_ALLOWED = NO;
				CODE_SIGN_ENTITLEMENTS = ReceiverApp/ReceiverApp.entitlements;
				COMBINE_HIDPI_IMAGES = YES;
				INFOPLIST_FILE = ReceiverApp/Info.plist;
				LD_RUNPATH_SEARCH_PATHS = (
					"$(inherited)",
					"@executable_path/../Frameworks",
				);
				ONLY_ACTIVE_ARCH = NO;
				PRODUCT_BUNDLE_IDENTIFIER = com.macdisplay.receiver;
				PRODUCT_NAME = ReceiverApp;
				SDKROOT = macosx;
			};
			name = Debug;
		};
		EA63F5019B251D616230700E /* Release */ = {
			isa = XCBuildConfiguration;
			buildSettings = {
				ARCHS = "$(ARCHS_STANDARD)";
				ASSETCATALOG_COMPILER_APPICON_NAME = AppIcon;
				CODE_SIGNING_ALLOWED = NO;
				CODE_SIGN_ENTITLEMENTS = ReceiverApp/ReceiverApp.entitlements;
				COMBINE_HIDPI_IMAGES = YES;
				INFOPLIST_FILE = ReceiverApp/Info.plist;
				LD_RUNPATH_SEARCH_PATHS = (
					"$(inherited)",
					"@executable_path/../Frameworks",
				);
				PRODUCT_BUNDLE_IDENTIFIER = com.macdisplay.receiver;
				PRODUCT_NAME = ReceiverApp;
				SDKROOT = macosx;
			};
			name = Release;
		};
/* End XCBuildConfiguration section */

/* Begin XCConfigurationList section */
		51F341358C16F264425E3F42 /* Build configuration list for PBXProject "MacDisplay" */ = {
			isa = XCConfigurationList;
			buildConfigurations = (
				5A5C874AD231B4692EA10E31 /* Debug */,
				7C998AD262B14FC1420FAE5D /* Release */,
			);
			defaultConfigurationIsVisible = 0;
			defaultConfigurationName = Debug;
		};
		86DF3FBE15E4441B34E924C1 /* Build configuration list for PBXNativeTarget "SenderApp" */ = {
			isa = XCConfigurationList;
			buildConfigurations = (
				14D863953822AF4FDF378E2E /* Debug */,
				AEDACFA6785FDD4DD6487EF4 /* Release */,
			);
			defaultConfigurationIsVisible = 0;
			defaultConfigurationName = Debug;
		};
		C841D9FE9A092C54E7BC18B6 /* Build configuration list for PBXNativeTarget "ReceiverApp" */ = {
			isa = XCConfigurationList;
			buildConfigurations = (
				C53226138FBB93EFC608A52B /* Debug */,
				EA63F5019B251D616230700E /* Release */,
			);
			defaultConfigurationIsVisible = 0;
			defaultConfigurationName = Debug;
		};
/* End XCConfigurationList section */
	};
	rootObject = 3A91AC41BFE7E0988B0529D0 /* Project object */;
}
